// !$*UTF8*$!
{
	archiveVersion = 1;
	classes = {
	};
	objectVersion = 46;
	objects = {

/* Begin PBXBuildFile section */
		187ABB6A1F1423E300722471 /* AppDelegate.swift in Sources */ = {isa = PBXBuildFile; fileRef = 187ABB691F1423E300722471 /* AppDelegate.swift */; };
		187ABB721F1423E300722471 /* UBookIt.xcdatamodeld in Sources */ = {isa = PBXBuildFile; fileRef = 187ABB701F1423E300722471 /* UBookIt.xcdatamodeld */; };
		187ABB741F1423E300722471 /* Assets.xcassets in Resources */ = {isa = PBXBuildFile; fileRef = 187ABB731F1423E300722471 /* Assets.xcassets */; };
		187ABB891F14416B00722471 /* ViewController.swift in Sources */ = {isa = PBXBuildFile; fileRef = 187ABB881F14416B00722471 /* ViewController.swift */; };
		187ABB8D1F1441B800722471 /* Main.storyboard in Resources */ = {isa = PBXBuildFile; fileRef = 187ABB8B1F1441B800722471 /* Main.storyboard */; };
		187ABB901F1441D200722471 /* GoogleService-Info.plist in Resources */ = {isa = PBXBuildFile; fileRef = 187ABB8E1F1441D200722471 /* GoogleService-Info.plist */; };
		187ABB951F1445EC00722471 /* LaunchScreen.storyboard in Resources */ = {isa = PBXBuildFile; fileRef = 187ABB941F1445EC00722471 /* LaunchScreen.storyboard */; };
		187ABB971F1447E400722471 /* Login.storyboard in Resources */ = {isa = PBXBuildFile; fileRef = 187ABB961F1447E400722471 /* Login.storyboard */; };
		187ABB991F144A3100722471 /* LoginViewController.swift in Sources */ = {isa = PBXBuildFile; fileRef = 187ABB981F144A3100722471 /* LoginViewController.swift */; };
		18DA3F711F155414007619E1 /* Location.storyboard in Resources */ = {isa = PBXBuildFile; fileRef = 18DA3F701F155414007619E1 /* Location.storyboard */; };
		18DA3F731F155488007619E1 /* Choice.storyboard in Resources */ = {isa = PBXBuildFile; fileRef = 18DA3F721F155488007619E1 /* Choice.storyboard */; };
		AA9E3D8E58F13B8583E2BC43 /* Pods_UBookIt.framework in Frameworks */ = {isa = PBXBuildFile; fileRef = 42A224B956677BA648ACEEAE /* Pods_UBookIt.framework */; };
/* End PBXBuildFile section */

/* Begin PBXFileReference section */
		0B6957D9B80DC75F5234E6D8 /* Pods-UBookIt.release.xcconfig */ = {isa = PBXFileReference; includeInIndex = 1; lastKnownFileType = text.xcconfig; name = "Pods-UBookIt.release.xcconfig"; path = "Pods/Target Support Files/Pods-UBookIt/Pods-UBookIt.release.xcconfig"; sourceTree = "<group>"; };
		187ABB661F1423E300722471 /* UBookIt.app */ = {isa = PBXFileReference; explicitFileType = wrapper.application; includeInIndex = 0; path = UBookIt.app; sourceTree = BUILT_PRODUCTS_DIR; };
		187ABB691F1423E300722471 /* AppDelegate.swift */ = {isa = PBXFileReference; lastKnownFileType = sourcecode.swift; path = AppDelegate.swift; sourceTree = "<group>"; };
		187ABB711F1423E300722471 /* UBookIt.xcdatamodel */ = {isa = PBXFileReference; lastKnownFileType = wrapper.xcdatamodel; path = UBookIt.xcdatamodel; sourceTree = "<group>"; };
		187ABB731F1423E300722471 /* Assets.xcassets */ = {isa = PBXFileReference; lastKnownFileType = folder.assetcatalog; path = Assets.xcassets; sourceTree = "<group>"; };
		187ABB881F14416B00722471 /* ViewController.swift */ = {isa = PBXFileReference; fileEncoding = 4; lastKnownFileType = sourcecode.swift; name = ViewController.swift; path = UBookIt/Controllers/ViewController.swift; sourceTree = "<group>"; };
		187ABB8B1F1441B800722471 /* Main.storyboard */ = {isa = PBXFileReference; fileEncoding = 4; lastKnownFileType = file.storyboard; name = Main.storyboard; path = UBookIt/Storyboards/Main.storyboard; sourceTree = "<group>"; };
		187ABB8E1F1441D200722471 /* GoogleService-Info.plist */ = {isa = PBXFileReference; fileEncoding = 4; lastKnownFileType = text.plist.xml; name = "GoogleService-Info.plist"; path = "UBookIt/Supporting/GoogleService-Info.plist"; sourceTree = "<group>"; };
		187ABB8F1F1441D200722471 /* Info.plist */ = {isa = PBXFileReference; fileEncoding = 4; lastKnownFileType = text.plist.xml; name = Info.plist; path = UBookIt/Supporting/Info.plist; sourceTree = "<group>"; };
		187ABB941F1445EC00722471 /* LaunchScreen.storyboard */ = {isa = PBXFileReference; fileEncoding = 4; lastKnownFileType = file.storyboard; name = LaunchScreen.storyboard; path = UBookIt/Supporting/LaunchScreen.storyboard; sourceTree = "<group>"; };
		187ABB961F1447E400722471 /* Login.storyboard */ = {isa = PBXFileReference; fileEncoding = 4; lastKnownFileType = file.storyboard; name = Login.storyboard; path = UBookIt/Storyboards/Login.storyboard; sourceTree = "<group>"; };
		187ABB981F144A3100722471 /* LoginViewController.swift */ = {isa = PBXFileReference; fileEncoding = 4; lastKnownFileType = sourcecode.swift; name = LoginViewController.swift; path = UBookIt/Controllers/LoginViewController.swift; sourceTree = "<group>"; };
		18DA3F701F155414007619E1 /* Location.storyboard */ = {isa = PBXFileReference; fileEncoding = 4; lastKnownFileType = file.storyboard; name = Location.storyboard; path = UBookIt/Storyboards/Location.storyboard; sourceTree = "<group>"; };
		18DA3F721F155488007619E1 /* Choice.storyboard */ = {isa = PBXFileReference; fileEncoding = 4; lastKnownFileType = file.storyboard; name = Choice.storyboard; path = UBookIt/Storyboards/Choice.storyboard; sourceTree = "<group>"; };
		42A224B956677BA648ACEEAE /* Pods_UBookIt.framework */ = {isa = PBXFileReference; explicitFileType = wrapper.framework; includeInIndex = 0; path = Pods_UBookIt.framework; sourceTree = BUILT_PRODUCTS_DIR; };
		A7437B77AE645A4F1AE297CD /* Pods-UBookIt.debug.xcconfig */ = {isa = PBXFileReference; includeInIndex = 1; lastKnownFileType = text.xcconfig; name = "Pods-UBookIt.debug.xcconfig"; path = "Pods/Target Support Files/Pods-UBookIt/Pods-UBookIt.debug.xcconfig"; sourceTree = "<group>"; };
/* End PBXFileReference section */

/* Begin PBXFrameworksBuildPhase section */
		187ABB631F1423E300722471 /* Frameworks */ = {
			isa = PBXFrameworksBuildPhase;
			buildActionMask = 2147483647;
			files = (
				AA9E3D8E58F13B8583E2BC43 /* Pods_UBookIt.framework in Frameworks */,
			);
			runOnlyForDeploymentPostprocessing = 0;
		};
/* End PBXFrameworksBuildPhase section */

/* Begin PBXGroup section */
		187ABB5D1F1423E300722471 = {
			isa = PBXGroup;
			children = (
				187ABB681F1423E300722471 /* UBookIt */,
				187ABB671F1423E300722471 /* Products */,
				CDCD75A9939AAE955EEB50CF /* Pods */,
				544C931189C22E23363F05FA /* Frameworks */,
			);
			sourceTree = "<group>";
		};
		187ABB671F1423E300722471 /* Products */ = {
			isa = PBXGroup;
			children = (
				187ABB661F1423E300722471 /* UBookIt.app */,
			);
			name = Products;
			sourceTree = "<group>";
		};
		187ABB681F1423E300722471 /* UBookIt */ = {
			isa = PBXGroup;
			children = (
				187ABB691F1423E300722471 /* AppDelegate.swift */,
				187ABB731F1423E300722471 /* Assets.xcassets */,
				187ABB801F14410000722471 /* View Controllers */,
				187ABB811F14411400722471 /* Extensions */,
				187ABB821F14411A00722471 /* Helpers */,
				187ABB871F14414000722471 /* Models */,
				187ABB861F14413800722471 /* Services */,
				187ABB851F14413000722471 /* Storyboards */,
				187ABB841F14412B00722471 /* Supporting */,
				187ABB831F14412000722471 /* Views */,
			);
			path = UBookIt;
			sourceTree = "<group>";
		};
		187ABB801F14410000722471 /* View Controllers */ = {
			isa = PBXGroup;
			children = (
				187ABB881F14416B00722471 /* ViewController.swift */,
				187ABB981F144A3100722471 /* LoginViewController.swift */,
			);
			name = "View Controllers";
			path = ..;
			sourceTree = "<group>";
		};
		187ABB811F14411400722471 /* Extensions */ = {
			isa = PBXGroup;
			children = (
			);
			name = Extensions;
			path = ..;
			sourceTree = "<group>";
		};
		187ABB821F14411A00722471 /* Helpers */ = {
			isa = PBXGroup;
			children = (
			);
			name = Helpers;
			path = ..;
			sourceTree = "<group>";
		};
		187ABB831F14412000722471 /* Views */ = {
			isa = PBXGroup;
			children = (
			);
			name = Views;
			path = ..;
			sourceTree = "<group>";
		};
		187ABB841F14412B00722471 /* Supporting */ = {
			isa = PBXGroup;
			children = (
				187ABB941F1445EC00722471 /* LaunchScreen.storyboard */,
				187ABB8F1F1441D200722471 /* Info.plist */,
				187ABB8E1F1441D200722471 /* GoogleService-Info.plist */,
			);
			name = Supporting;
			path = ..;
			sourceTree = "<group>";
		};
		187ABB851F14413000722471 /* Storyboards */ = {
			isa = PBXGroup;
			children = (
				187ABB961F1447E400722471 /* Login.storyboard */,
				187ABB8B1F1441B800722471 /* Main.storyboard */,
				18DA3F701F155414007619E1 /* Location.storyboard */,
				18DA3F721F155488007619E1 /* Choice.storyboard */,
			);
			name = Storyboards;
			path = ..;
			sourceTree = "<group>";
		};
		187ABB861F14413800722471 /* Services */ = {
			isa = PBXGroup;
			children = (
			);
			name = Services;
			path = ..;
			sourceTree = "<group>";
		};
		187ABB871F14414000722471 /* Models */ = {
			isa = PBXGroup;
			children = (
				187ABB701F1423E300722471 /* UBookIt.xcdatamodeld */,
			);
			name = Models;
			path = ..;
			sourceTree = "<group>";
		};
		544C931189C22E23363F05FA /* Frameworks */ = {
			isa = PBXGroup;
			children = (
				42A224B956677BA648ACEEAE /* Pods_UBookIt.framework */,
			);
			name = Frameworks;
			sourceTree = "<group>";
		};
		CDCD75A9939AAE955EEB50CF /* Pods */ = {
			isa = PBXGroup;
			children = (
				A7437B77AE645A4F1AE297CD /* Pods-UBookIt.debug.xcconfig */,
				0B6957D9B80DC75F5234E6D8 /* Pods-UBookIt.release.xcconfig */,
			);
			name = Pods;
			sourceTree = "<group>";
		};
/* End PBXGroup section */

/* Begin PBXNativeTarget section */
		187ABB651F1423E300722471 /* UBookIt */ = {
			isa = PBXNativeTarget;
			buildConfigurationList = 187ABB7B1F1423E300722471 /* Build configuration list for PBXNativeTarget "UBookIt" */;
			buildPhases = (
				F5EA1D6EFE15DBBF21164BF1 /* [CP] Check Pods Manifest.lock */,
				187ABB621F1423E300722471 /* Sources */,
				187ABB631F1423E300722471 /* Frameworks */,
				187ABB641F1423E300722471 /* Resources */,
				8A2CEF3F3AA53C68E5D1EA57 /* [CP] Embed Pods Frameworks */,
				432E43F1485B0DDE4C886A96 /* [CP] Copy Pods Resources */,
			);
			buildRules = (
			);
			dependencies = (
			);
			name = UBookIt;
			productName = UBookIt;
			productReference = 187ABB661F1423E300722471 /* UBookIt.app */;
			productType = "com.apple.product-type.application";
		};
/* End PBXNativeTarget section */

/* Begin PBXProject section */
		187ABB5E1F1423E300722471 /* Project object */ = {
			isa = PBXProject;
			attributes = {
				LastSwiftUpdateCheck = 0830;
				LastUpgradeCheck = 0830;
				ORGANIZATIONNAME = "Sylvia Jin";
				TargetAttributes = {
					187ABB651F1423E300722471 = {
						CreatedOnToolsVersion = 8.3.3;
						ProvisioningStyle = Automatic;
					};
				};
			};
			buildConfigurationList = 187ABB611F1423E300722471 /* Build configuration list for PBXProject "UBookIt" */;
			compatibilityVersion = "Xcode 3.2";
			developmentRegion = English;
			hasScannedForEncodings = 0;
			knownRegions = (
				en,
				Base,
			);
			mainGroup = 187ABB5D1F1423E300722471;
			productRefGroup = 187ABB671F1423E300722471 /* Products */;
			projectDirPath = "";
			projectRoot = "";
			targets = (
				187ABB651F1423E300722471 /* UBookIt */,
			);
		};
/* End PBXProject section */

/* Begin PBXResourcesBuildPhase section */
		187ABB641F1423E300722471 /* Resources */ = {
			isa = PBXResourcesBuildPhase;
			buildActionMask = 2147483647;
			files = (
				187ABB741F1423E300722471 /* Assets.xcassets in Resources */,
				187ABB901F1441D200722471 /* GoogleService-Info.plist in Resources */,
				18DA3F731F155488007619E1 /* Choice.storyboard in Resources */,
				187ABB951F1445EC00722471 /* LaunchScreen.storyboard in Resources */,
				18DA3F711F155414007619E1 /* Location.storyboard in Resources */,
				187ABB971F1447E400722471 /* Login.storyboard in Resources */,
				187ABB8D1F1441B800722471 /* Main.storyboard in Resources */,
			);
			runOnlyForDeploymentPostprocessing = 0;
		};
/* End PBXResourcesBuildPhase section */

/* Begin PBXShellScriptBuildPhase section */
		432E43F1485B0DDE4C886A96 /* [CP] Copy Pods Resources */ = {
			isa = PBXShellScriptBuildPhase;
			buildActionMask = 2147483647;
			files = (
			);
			inputPaths = (
				"${SRCROOT}/Pods/Target Support Files/Pods-UBookIt/Pods-UBookIt-resources.sh",
				$PODS_CONFIGURATION_BUILD_DIR/FirebaseUI/FirebaseAuthUI.bundle,
				$PODS_CONFIGURATION_BUILD_DIR/FirebaseUI/FirebaseFacebookAuthUI.bundle,
				$PODS_CONFIGURATION_BUILD_DIR/FirebaseUI/FirebaseGoogleAuthUI.bundle,
				"${PODS_ROOT}/GoogleSignIn/Resources/GoogleSignIn.bundle",
			);
			name = "[CP] Copy Pods Resources";
			outputPaths = (
				"${TARGET_BUILD_DIR}/${UNLOCALIZED_RESOURCES_FOLDER_PATH}",
			);
			runOnlyForDeploymentPostprocessing = 0;
			shellPath = /bin/sh;
			shellScript = "\"${SRCROOT}/Pods/Target Support Files/Pods-UBookIt/Pods-UBookIt-resources.sh\"\n";
			showEnvVarsInLog = 0;
		};
		8A2CEF3F3AA53C68E5D1EA57 /* [CP] Embed Pods Frameworks */ = {
			isa = PBXShellScriptBuildPhase;
			buildActionMask = 2147483647;
			files = (
			);
			inputPaths = (
				"${SRCROOT}/Pods/Target Support Files/Pods-UBookIt/Pods-UBookIt-frameworks.sh",
				"${BUILT_PRODUCTS_DIR}/Bolts/Bolts.framework",
				"${BUILT_PRODUCTS_DIR}/FBSDKCoreKit/FBSDKCoreKit.framework",
				"${BUILT_PRODUCTS_DIR}/FBSDKLoginKit/FBSDKLoginKit.framework",
				"${BUILT_PRODUCTS_DIR}/FacebookCore/FacebookCore.framework",
				"${BUILT_PRODUCTS_DIR}/FacebookLogin/FacebookLogin.framework",
				"${BUILT_PRODUCTS_DIR}/GTMOAuth2/GTMOAuth2.framework",
				"${BUILT_PRODUCTS_DIR}/GTMSessionFetcher/GTMSessionFetcher.framework",
				"${BUILT_PRODUCTS_DIR}/GoogleToolboxForMac/GoogleToolboxForMac.framework",
			);
			name = "[CP] Embed Pods Frameworks";
			outputPaths = (
				"${TARGET_BUILD_DIR}/${FRAMEWORKS_FOLDER_PATH}/Bolts.framework",
				"${TARGET_BUILD_DIR}/${FRAMEWORKS_FOLDER_PATH}/FBSDKCoreKit.framework",
				"${TARGET_BUILD_DIR}/${FRAMEWORKS_FOLDER_PATH}/FBSDKLoginKit.framework",
				"${TARGET_BUILD_DIR}/${FRAMEWORKS_FOLDER_PATH}/FacebookCore.framework",
				"${TARGET_BUILD_DIR}/${FRAMEWORKS_FOLDER_PATH}/FacebookLogin.framework",
				"${TARGET_BUILD_DIR}/${FRAMEWORKS_FOLDER_PATH}/GTMOAuth2.framework",
				"${TARGET_BUILD_DIR}/${FRAMEWORKS_FOLDER_PATH}/GTMSessionFetcher.framework",
				"${TARGET_BUILD_DIR}/${FRAMEWORKS_FOLDER_PATH}/GoogleToolboxForMac.framework",
			);
			runOnlyForDeploymentPostprocessing = 0;
			shellPath = /bin/sh;
			shellScript = "\"${SRCROOT}/Pods/Target Support Files/Pods-UBookIt/Pods-UBookIt-frameworks.sh\"\n";
			showEnvVarsInLog = 0;
		};
		F5EA1D6EFE15DBBF21164BF1 /* [CP] Check Pods Manifest.lock */ = {
			isa = PBXShellScriptBuildPhase;
			buildActionMask = 2147483647;
			files = (
			);
			inputPaths = (
				"${PODS_PODFILE_DIR_PATH}/Podfile.lock",
				"${PODS_ROOT}/Manifest.lock",
			);
			name = "[CP] Check Pods Manifest.lock";
			outputPaths = (
				"$(DERIVED_FILE_DIR)/Pods-UBookIt-checkManifestLockResult.txt",
			);
			runOnlyForDeploymentPostprocessing = 0;
			shellPath = /bin/sh;
			shellScript = "diff \"${PODS_PODFILE_DIR_PATH}/Podfile.lock\" \"${PODS_ROOT}/Manifest.lock\" > /dev/null\nif [ $? != 0 ] ; then\n    # print error to STDERR\n    echo \"error: The sandbox is not in sync with the Podfile.lock. Run 'pod install' or update your CocoaPods installation.\" >&2\n    exit 1\nfi\n# This output is used by Xcode 'outputs' to avoid re-running this script phase.\necho \"SUCCESS\" > \"${SCRIPT_OUTPUT_FILE_0}\"\n";
			showEnvVarsInLog = 0;
		};
/* End PBXShellScriptBuildPhase section */

/* Begin PBXSourcesBuildPhase section */
		187ABB621F1423E300722471 /* Sources */ = {
			isa = PBXSourcesBuildPhase;
			buildActionMask = 2147483647;
			files = (
				187ABB991F144A3100722471 /* LoginViewController.swift in Sources */,
				187ABB891F14416B00722471 /* ViewController.swift in Sources */,
				187ABB6A1F1423E300722471 /* AppDelegate.swift in Sources */,
				187ABB721F1423E300722471 /* UBookIt.xcdatamodeld in Sources */,
			);
			runOnlyForDeploymentPostprocessing = 0;
		};
/* End PBXSourcesBuildPhase section */

/* Begin XCBuildConfiguration section */
		187ABB791F1423E300722471 /* Debug */ = {
			isa = XCBuildConfiguration;
			buildSettings = {
				ALWAYS_SEARCH_USER_PATHS = NO;
				CLANG_ANALYZER_NONNULL = YES;
				CLANG_ANALYZER_NUMBER_OBJECT_CONVERSION = YES_AGGRESSIVE;
				CLANG_CXX_LANGUAGE_STANDARD = "gnu++0x";
				CLANG_CXX_LIBRARY = "libc++";
				CLANG_ENABLE_MODULES = YES;
				CLANG_ENABLE_OBJC_ARC = YES;
				CLANG_WARN_BOOL_CONVERSION = YES;
				CLANG_WARN_CONSTANT_CONVERSION = YES;
				CLANG_WARN_DIRECT_OBJC_ISA_USAGE = YES_ERROR;
				CLANG_WARN_DOCUMENTATION_COMMENTS = YES;
				CLANG_WARN_EMPTY_BODY = YES;
				CLANG_WARN_ENUM_CONVERSION = YES;
				CLANG_WARN_INFINITE_RECURSION = YES;
				CLANG_WARN_INT_CONVERSION = YES;
				CLANG_WARN_OBJC_ROOT_CLASS = YES_ERROR;
				CLANG_WARN_SUSPICIOUS_MOVE = YES;
				CLANG_WARN_UNREACHABLE_CODE = YES;
				CLANG_WARN__DUPLICATE_METHOD_MATCH = YES;
				"CODE_SIGN_IDENTITY[sdk=iphoneos*]" = "iPhone Developer";
				COPY_PHASE_STRIP = NO;
				DEBUG_INFORMATION_FORMAT = dwarf;
				ENABLE_STRICT_OBJC_MSGSEND = YES;
				ENABLE_TESTABILITY = YES;
				GCC_C_LANGUAGE_STANDARD = gnu99;
				GCC_DYNAMIC_NO_PIC = NO;
				GCC_NO_COMMON_BLOCKS = YES;
				GCC_OPTIMIZATION_LEVEL = 0;
				GCC_PREPROCESSOR_DEFINITIONS = (
					"DEBUG=1",
					"$(inherited)",
				);
				GCC_WARN_64_TO_32_BIT_CONVERSION = YES;
				GCC_WARN_ABOUT_RETURN_TYPE = YES_ERROR;
				GCC_WARN_UNDECLARED_SELECTOR = YES;
				GCC_WARN_UNINITIALIZED_AUTOS = YES_AGGRESSIVE;
				GCC_WARN_UNUSED_FUNCTION = YES;
				GCC_WARN_UNUSED_VARIABLE = YES;
				IPHONEOS_DEPLOYMENT_TARGET = 10.3;
				MTL_ENABLE_DEBUG_INFO = YES;
				ONLY_ACTIVE_ARCH = YES;
				SDKROOT = iphoneos;
				SWIFT_ACTIVE_COMPILATION_CONDITIONS = DEBUG;
				SWIFT_OPTIMIZATION_LEVEL = "-Onone";
			};
			name = Debug;
		};
		187ABB7A1F1423E300722471 /* Release */ = {
			isa = XCBuildConfiguration;
			buildSettings = {
				ALWAYS_SEARCH_USER_PATHS = NO;
				CLANG_ANALYZER_NONNULL = YES;
				CLANG_ANALYZER_NUMBER_OBJECT_CONVERSION = YES_AGGRESSIVE;
				CLANG_CXX_LANGUAGE_STANDARD = "gnu++0x";
				CLANG_CXX_LIBRARY = "libc++";
				CLANG_ENABLE_MODULES = YES;
				CLANG_ENABLE_OBJC_ARC = YES;
				CLANG_WARN_BOOL_CONVERSION = YES;
				CLANG_WARN_CONSTANT_CONVERSION = YES;
				CLANG_WARN_DIRECT_OBJC_ISA_USAGE = YES_ERROR;
				CLANG_WARN_DOCUMENTATION_COMMENTS = YES;
				CLANG_WARN_EMPTY_BODY = YES;
				CLANG_WARN_ENUM_CONVERSION = YES;
				CLANG_WARN_INFINITE_RECURSION = YES;
				CLANG_WARN_INT_CONVERSION = YES;
				CLANG_WARN_OBJC_ROOT_CLASS = YES_ERROR;
				CLANG_WARN_SUSPICIOUS_MOVE = YES;
				CLANG_WARN_UNREACHABLE_CODE = YES;
				CLANG_WARN__DUPLICATE_METHOD_MATCH = YES;
				"CODE_SIGN_IDENTITY[sdk=iphoneos*]" = "iPhone Developer";
				COPY_PHASE_STRIP = NO;
				DEBUG_INFORMATION_FORMAT = "dwarf-with-dsym";
				ENABLE_NS_ASSERTIONS = NO;
				ENABLE_STRICT_OBJC_MSGSEND = YES;
				GCC_C_LANGUAGE_STANDARD = gnu99;
				GCC_NO_COMMON_BLOCKS = YES;
				GCC_WARN_64_TO_32_BIT_CONVERSION = YES;
				GCC_WARN_ABOUT_RETURN_TYPE = YES_ERROR;
				GCC_WARN_UNDECLARED_SELECTOR = YES;
				GCC_WARN_UNINITIALIZED_AUTOS = YES_AGGRESSIVE;
				GCC_WARN_UNUSED_FUNCTION = YES;
				GCC_WARN_UNUSED_VARIABLE = YES;
				IPHONEOS_DEPLOYMENT_TARGET = 10.3;
				MTL_ENABLE_DEBUG_INFO = NO;
				SDKROOT = iphoneos;
				SWIFT_OPTIMIZATION_LEVEL = "-Owholemodule";
				VALIDATE_PRODUCT = YES;
			};
			name = Release;
		};
		187ABB7C1F1423E300722471 /* Debug */ = {
			isa = XCBuildConfiguration;
			baseConfigurationReference = A7437B77AE645A4F1AE297CD /* Pods-UBookIt.debug.xcconfig */;
			buildSettings = {
				ASSETCATALOG_COMPILER_APPICON_NAME = AppIcon;
				INFOPLIST_FILE = "$(SRCROOT)/UBookIt/Supporting/Info.plist";
				IPHONEOS_DEPLOYMENT_TARGET = 10.3;
				LD_RUNPATH_SEARCH_PATHS = "$(inherited) @executable_path/Frameworks";
				PRODUCT_BUNDLE_IDENTIFIER = com.MakeSchool.UBookIt;
				PRODUCT_NAME = "$(TARGET_NAME)";
				SWIFT_VERSION = 3.0;
			};
			name = Debug;
		};
		187ABB7D1F1423E300722471 /* Release */ = {
			isa = XCBuildConfiguration;
			baseConfigurationReference = 0B6957D9B80DC75F5234E6D8 /* Pods-UBookIt.release.xcconfig */;
			buildSettings = {
				ASSETCATALOG_COMPILER_APPICON_NAME = AppIcon;
				INFOPLIST_FILE = "$(SRCROOT)/UBookIt/Supporting/Info.plist";
				IPHONEOS_DEPLOYMENT_TARGET = 10.3;
				LD_RUNPATH_SEARCH_PATHS = "$(inherited) @executable_path/Frameworks";
				PRODUCT_BUNDLE_IDENTIFIER = com.MakeSchool.UBookIt;
				PRODUCT_NAME = "$(TARGET_NAME)";
				SWIFT_VERSION = 3.0;
			};
			name = Release;
		};
/* End XCBuildConfiguration section */

/* Begin XCConfigurationList section */
		187ABB611F1423E300722471 /* Build configuration list for PBXProject "UBookIt" */ = {
			isa = XCConfigurationList;
			buildConfigurations = (
				187ABB791F1423E300722471 /* Debug */,
				187ABB7A1F1423E300722471 /* Release */,
			);
			defaultConfigurationIsVisible = 0;
			defaultConfigurationName = Release;
		};
		187ABB7B1F1423E300722471 /* Build configuration list for PBXNativeTarget "UBookIt" */ = {
			isa = XCConfigurationList;
			buildConfigurations = (
				187ABB7C1F1423E300722471 /* Debug */,
				187ABB7D1F1423E300722471 /* Release */,
			);
			defaultConfigurationIsVisible = 0;
			defaultConfigurationName = Release;
		};
/* End XCConfigurationList section */

/* Begin XCVersionGroup section */
		187ABB701F1423E300722471 /* UBookIt.xcdatamodeld */ = {
			isa = XCVersionGroup;
			children = (
				187ABB711F1423E300722471 /* UBookIt.xcdatamodel */,
			);
			currentVersion = 187ABB711F1423E300722471 /* UBookIt.xcdatamodel */;
			name = UBookIt.xcdatamodeld;
			path = UBookIt/UBookIt.xcdatamodeld;
			sourceTree = "<group>";
			versionGroupType = wrapper.xcdatamodel;
		};
/* End XCVersionGroup section */
	};
	rootObject = 187ABB5E1F1423E300722471 /* Project object */;
}
